# THIS IS AN AUTOGENERATED FILE. DO NOT EDIT THIS FILE DIRECTLY.
# yarn lockfile v1


async-cache@~1.1.0:
  version "1.1.0"
  resolved "https://registry.yarnpkg.com/async-cache/-/async-cache-1.1.0.tgz#4a9a5a89d065ec5d8e5254bd9ee96ba76c532b5a"
  dependencies:
    lru-cache "^4.0.0"

async@^3.2.2:
  version "3.2.2"
  resolved "https://registry.yarnpkg.com/async/-/async-3.2.2.tgz#2eb7671034bb2194d45d30e31e24ec7e7f9670cd"

bl@~1.2.1:
  version "1.2.2"
  resolved "https://registry.yarnpkg.com/bl/-/bl-1.2.2.tgz#a160911717103c07410cef63ef51b397c025af9c"
  dependencies:
    readable-stream "^2.3.5"
    safe-buffer "^5.1.1"

core-util-is@~1.0.0:
  version "1.0.2"
  resolved "https://registry.yarnpkg.com/core-util-is/-/core-util-is-1.0.2.tgz#b5fd54220aa2bc5ab57aab7140c940754503c1a7"

fd@~0.0.2:
  version "0.0.3"
  resolved "https://registry.yarnpkg.com/fd/-/fd-0.0.3.tgz#b3240de86dbf5a345baae7382a07d4713566ff0c"

geojson@^0.4.1:
  version "0.4.1"
  resolved "https://registry.yarnpkg.com/geojson/-/geojson-0.4.1.tgz#c0edc41a22fc9f4667c402f966b15158f43c01d8"

graceful-fs@^4.1.6, graceful-fs@~4.1.11:
  version "4.1.11"
  resolved "https://registry.yarnpkg.com/graceful-fs/-/graceful-fs-4.1.11.tgz#0e8bdfe4d1ddb8854d64e04ea7c00e2a026e5658"

inherits@~2.0.3:
  version "2.0.3"
  resolved "https://registry.yarnpkg.com/inherits/-/inherits-2.0.3.tgz#633c2c83e3da42a502f52466022480f4208261de"

isarray@~1.0.0:
  version "1.0.0"
  resolved "https://registry.yarnpkg.com/isarray/-/isarray-1.0.0.tgz#bb935d48582cba168c06834957a54a3e07124f11"

jsonfile@^3.0.0:
  version "3.0.1"
  resolved "https://registry.yarnpkg.com/jsonfile/-/jsonfile-3.0.1.tgz#a5ecc6f65f53f662c4415c7675a0331d0992ec66"
  optionalDependencies:
    graceful-fs "^4.1.6"

lru-cache@^4.0.0:
  version "4.1.2"
  resolved "https://registry.yarnpkg.com/lru-cache/-/lru-cache-4.1.2.tgz#45234b2e6e2f2b33da125624c4664929a0224c3f"
  dependencies:
    pseudomap "^1.0.2"
    yallist "^2.1.2"

mime@~1.4.1:
  version "1.4.1"
  resolved "https://registry.yarnpkg.com/mime/-/mime-1.4.1.tgz#121f9ebc49e3766f311a76e1fa1c8003c4b03aa6"

negotiator@~0.6.1:
  version "0.6.1"
  resolved "https://registry.yarnpkg.com/negotiator/-/negotiator-0.6.1.tgz#2b327184e8992101177b28563fb5e7102acd0ca9"

process-nextick-args@~2.0.0:
  version "2.0.0"
  resolved "https://registry.yarnpkg.com/process-nextick-args/-/process-nextick-args-2.0.0.tgz#a37d732f4271b4ab1ad070d35508e8290788ffaa"

pseudomap@^1.0.2:
  version "1.0.2"
  resolved "https://registry.yarnpkg.com/pseudomap/-/pseudomap-1.0.2.tgz#f052a28da70e618917ef0a8ac34c1ae5a68286b3"

readable-stream@^2.3.5:
  version "2.3.6"
  resolved "https://registry.yarnpkg.com/readable-stream/-/readable-stream-2.3.6.tgz#b11c27d88b8ff1fbe070643cf94b0c79ae1b0aaf"
  dependencies:
    core-util-is "~1.0.0"
    inherits "~2.0.3"
    isarray "~1.0.0"
    process-nextick-args "~2.0.0"
    safe-buffer "~5.1.1"
    string_decoder "~1.1.1"
    util-deprecate "~1.0.1"

safe-buffer@^5.1.1, safe-buffer@~5.1.0, safe-buffer@~5.1.1:
  version "5.1.1"
  resolved "https://registry.yarnpkg.com/safe-buffer/-/safe-buffer-5.1.1.tgz#893312af69b2123def71f57889001671eeb2c853"

st@^1.2.0:
  version "1.2.2"
  resolved "https://registry.yarnpkg.com/st/-/st-1.2.2.tgz#b95554f41b457bf0ed1c48f2bad8fccff894b14f"
  dependencies:
    async-cache "~1.1.0"
    bl "~1.2.1"
    fd "~0.0.2"
    mime "~1.4.1"
    negotiator "~0.6.1"
  optionalDependencies:
    graceful-fs "~4.1.11"

string_decoder@~1.1.1:
  version "1.1.1"
  resolved "https://registry.yarnpkg.com/string_decoder/-/string_decoder-1.1.1.tgz#9cf1611ba62685d7030ae9e4ba34149c3af03fc8"
  dependencies:
    safe-buffer "~5.1.0"

util-deprecate@~1.0.1:
  version "1.0.2"
  resolved "https://registry.yarnpkg.com/util-deprecate/-/util-deprecate-1.0.2.tgz#450d4dc9fa70de732762fbd2d4a28981419a0ccf"

yallist@^2.1.2:
  version "2.1.2"
  resolved "https://registry.yarnpkg.com/yallist/-/yallist-2.1.2.tgz#1c11f9218f076089a47dd512f93c6699a6a81d52"
