# THIS IS AN AUTOGENERATED FILE. DO NOT EDIT THIS FILE DIRECTLY.
# yarn lockfile v1


async-cache@~1.1.0:
  version "1.1.0"
  resolved "https://registry.yarnpkg.com/async-cache/-/async-cache-1.1.0.tgz#4a9a5a89d065ec5d8e5254bd9ee96ba76c532b5a"
  dependencies:
    lru-cache "^4.0.0"

async@^2.4.1:
  version "2.4.1"
  resolved "https://registry.yarnpkg.com/async/-/async-2.4.1.tgz#62a56b279c98a11d0987096a01cc3eeb8eb7bbd7"
  dependencies:
    lodash "^4.14.0"

bl@~1.1.2:
  version "1.1.2"
  resolved "https://registry.yarnpkg.com/bl/-/bl-1.1.2.tgz#fdca871a99713aa00d19e3bbba41c44787a65398"
  dependencies:
    readable-stream "~2.0.5"

core-util-is@~1.0.0:
  version "1.0.2"
  resolved "https://registry.yarnpkg.com/core-util-is/-/core-util-is-1.0.2.tgz#b5fd54220aa2bc5ab57aab7140c940754503c1a7"

csv-parse@^1.2.0:
  version "1.2.0"
  resolved "https://registry.yarnpkg.com/csv-parse/-/csv-parse-1.2.0.tgz#047b73868ab9a85746e885f637f9ed0fb645a425"

fd@~0.0.2:
  version "0.0.2"
  resolved "https://registry.yarnpkg.com/fd/-/fd-0.0.2.tgz#e0edb2bd7a88cc86dd9f16391cba832418fd87ee"

geojson@^0.4.1:
  version "0.4.1"
  resolved "https://registry.yarnpkg.com/geojson/-/geojson-0.4.1.tgz#c0edc41a22fc9f4667c402f966b15158f43c01d8"

graceful-fs@^4.1.6, graceful-fs@~4.1.4:
  version "4.1.11"
  resolved "https://registry.yarnpkg.com/graceful-fs/-/graceful-fs-4.1.11.tgz#0e8bdfe4d1ddb8854d64e04ea7c00e2a026e5658"

inherits@~2.0.1:
  version "2.0.3"
  resolved "https://registry.yarnpkg.com/inherits/-/inherits-2.0.3.tgz#633c2c83e3da42a502f52466022480f4208261de"

isarray@~1.0.0:
  version "1.0.0"
  resolved "https://registry.yarnpkg.com/isarray/-/isarray-1.0.0.tgz#bb935d48582cba168c06834957a54a3e07124f11"

jsonfile@^3.0.0:
  version "3.0.0"
  resolved "https://registry.yarnpkg.com/jsonfile/-/jsonfile-3.0.0.tgz#92e7c7444e5ffd5fa32e6a9ae8b85034df8347d0"
  optionalDependencies:
    graceful-fs "^4.1.6"

lodash@^4.14.0:
  version "4.17.20"
  resolved "https://registry.yarnpkg.com/lodash/-/lodash-4.17.20.tgz#b44a9b6297bcb698f1c51a3545a2b3b368d59c52"

lru-cache@^4.0.0:
  version "4.1.1"
  resolved "https://registry.yarnpkg.com/lru-cache/-/lru-cache-4.1.1.tgz#622e32e82488b49279114a4f9ecf45e7cd6bba55"
  dependencies:
    pseudomap "^1.0.2"
    yallist "^2.1.2"

mime@~1.3.4:
  version "1.3.6"
  resolved "https://registry.yarnpkg.com/mime/-/mime-1.3.6.tgz#591d84d3653a6b0b4a3b9df8de5aa8108e72e5e0"

negotiator@~0.6.1:
  version "0.6.1"
  resolved "https://registry.yarnpkg.com/negotiator/-/negotiator-0.6.1.tgz#2b327184e8992101177b28563fb5e7102acd0ca9"

process-nextick-args@~1.0.6:
  version "1.0.7"
  resolved "https://registry.yarnpkg.com/process-nextick-args/-/process-nextick-args-1.0.7.tgz#150e20b756590ad3f91093f25a4f2ad8bff30ba3"

pseudomap@^1.0.2:
  version "1.0.2"
  resolved "https://registry.yarnpkg.com/pseudomap/-/pseudomap-1.0.2.tgz#f052a28da70e618917ef0a8ac34c1ae5a68286b3"

readable-stream@~2.0.5:
  version "2.0.6"
  resolved "https://registry.yarnpkg.com/readable-stream/-/readable-stream-2.0.6.tgz#8f90341e68a53ccc928788dacfcd11b36eb9b78e"
  dependencies:
    core-util-is "~1.0.0"
    inherits "~2.0.1"
    isarray "~1.0.0"
    process-nextick-args "~1.0.6"
    string_decoder "~0.10.x"
    util-deprecate "~1.0.1"

st@^1.2.0:
  version "1.2.0"
  resolved "https://registry.yarnpkg.com/st/-/st-1.2.0.tgz#e6313c1836a0889e8507be5bb189b2245266c2df"
  dependencies:
    async-cache "~1.1.0"
    bl "~1.1.2"
    fd "~0.0.2"
    mime "~1.3.4"
    negotiator "~0.6.1"
  optionalDependencies:
    graceful-fs "~4.1.4"

string_decoder@~0.10.x:
  version "0.10.31"
  resolved "https://registry.yarnpkg.com/string_decoder/-/string_decoder-0.10.31.tgz#62e203bc41766c6c28c9fc84301dab1c5310fa94"

util-deprecate@~1.0.1:
  version "1.0.2"
  resolved "https://registry.yarnpkg.com/util-deprecate/-/util-deprecate-1.0.2.tgz#450d4dc9fa70de732762fbd2d4a28981419a0ccf"

yallist@^2.1.2:
  version "2.1.2"
  resolved "https://registry.yarnpkg.com/yallist/-/yallist-2.1.2.tgz#1c11f9218f076089a47dd512f93c6699a6a81d52"
